
Microsoft Visual Studio Solution File, Format Version 12.00
# Visual Studio Version 16
VisualStudioVersion = 16.0.33328.57
MinimumVisualStudioVersion = 10.0.40219.1
Project("{FAE04EC0-301F-11D3-BF4B-00C04F79EFBC}") = "repaso4", "repaso4\repaso4.csproj", "{8B14FB51-F1EB-4C29-8AC9-884530E3C855}"
EndProject
Global
	GlobalSection(SolutionConfigurationPlatforms) = preSolution
		Debug|Any CPU = Debug|Any CPU
		Release|Any CPU = Release|Any CPU
	EndGlobalSection
	GlobalSection(ProjectConfigurationPlatforms) = postSolution
		{8B14FB51-F1EB-4C29-8AC9-884530E3C855}.Debug|Any CPU.ActiveCfg = Debug|Any CPU
		{8B14FB51-F1EB-4C29-8AC9-884530E3C855}.Debug|Any CPU.Build.0 = Debug|Any CPU
		{8B14FB51-F1EB-4C29-8AC9-884530E3C855}.Release|Any CPU.ActiveCfg = Release|Any CPU
		{8B14FB51-F1EB-4C29-8AC9-884530E3C855}.Release|Any CPU.Build.0 = Release|Any CPU
	EndGlobalSection
	GlobalSection(SolutionProperties) = preSolution
		HideSolutionNode = FALSE
	EndGlobalSection
	GlobalSection(ExtensibilityGlobals) = postSolution
		SolutionGuid = {C2E07F90-B646-4B1C-832F-BD9B6797EF7E}
	EndGlobalSection
EndGlobal
